
Microsoft Visual Studio Solution File, Format Version 12.00
# Visual Studio Version 17
VisualStudioVersion = 17.0.31903.59
MinimumVisualStudioVersion = 10.0.40219.1
Project("{FAE04EC0-301F-11D3-BF4B-00C04F79EFBC}") = "HW7-1", "HW7-1\HW7-1.csproj", "{4413A038-BC63-4BE8-87D2-25B61D8940BB}"
EndProject
Project("{FAE04EC0-301F-11D3-BF4B-00C04F79EFBC}") = "HW7-2", "HW7-2\HW7-2.csproj", "{7E635156-5D2B-4B83-963D-6750287B83FB}"
EndProject
Global
	GlobalSection(SolutionConfigurationPlatforms) = preSolution
		Debug|Any CPU = Debug|Any CPU
		Release|Any CPU = Release|Any CPU
	EndGlobalSection
	GlobalSection(SolutionProperties) = preSolution
		HideSolutionNode = FALSE
	EndGlobalSection
	GlobalSection(ProjectConfigurationPlatforms) = postSolution
		{4413A038-BC63-4BE8-87D2-25B61D8940BB}.Debug|Any CPU.ActiveCfg = Debug|Any CPU
		{4413A038-BC63-4BE8-87D2-25B61D8940BB}.Debug|Any CPU.Build.0 = Debug|Any CPU
		{4413A038-BC63-4BE8-87D2-25B61D8940BB}.Release|Any CPU.ActiveCfg = Release|Any CPU
		{4413A038-BC63-4BE8-87D2-25B61D8940BB}.Release|Any CPU.Build.0 = Release|Any CPU
		{7E635156-5D2B-4B83-963D-6750287B83FB}.Debug|Any CPU.ActiveCfg = Debug|Any CPU
		{7E635156-5D2B-4B83-963D-6750287B83FB}.Debug|Any CPU.Build.0 = Debug|Any CPU
		{7E635156-5D2B-4B83-963D-6750287B83FB}.Release|Any CPU.ActiveCfg = Release|Any CPU
		{7E635156-5D2B-4B83-963D-6750287B83FB}.Release|Any CPU.Build.0 = Release|Any CPU
	EndGlobalSection
EndGlobal
